
Microsoft Visual Studio Solution File, Format Version 12.00
# Visual Studio Version 17
VisualStudioVersion = 17.6.33815.320
MinimumVisualStudioVersion = 10.0.40219.1
Project("{FAE04EC0-301F-11D3-BF4B-00C04F79EFBC}") = "Casgem_ObServer", "Casgem_ObServer\Casgem_ObServer.csproj", "{922A79AA-D2D1-4DE1-BD74-4B9B245F1246}"
EndProject
Global
	GlobalSection(SolutionConfigurationPlatforms) = preSolution
		Debug|Any CPU = Debug|Any CPU
		Release|Any CPU = Release|Any CPU
	EndGlobalSection
	GlobalSection(ProjectConfigurationPlatforms) = postSolution
		{922A79AA-D2D1-4DE1-BD74-4B9B245F1246}.Debug|Any CPU.ActiveCfg = Debug|Any CPU
		{922A79AA-D2D1-4DE1-BD74-4B9B245F1246}.Debug|Any CPU.Build.0 = Debug|Any CPU
		{922A79AA-D2D1-4DE1-BD74-4B9B245F1246}.Release|Any CPU.ActiveCfg = Release|Any CPU
		{922A79AA-D2D1-4DE1-BD74-4B9B245F1246}.Release|Any CPU.Build.0 = Release|Any CPU
	EndGlobalSection
	GlobalSection(SolutionProperties) = preSolution
		HideSolutionNode = FALSE
	EndGlobalSection
	GlobalSection(ExtensibilityGlobals) = postSolution
		SolutionGuid = {3DB47988-1CC8-4653-B37E-F169DB628F3F}
	EndGlobalSection
EndGlobal
